
Microsoft Visual Studio Solution File, Format Version 12.00
# Visual Studio Version 17
VisualStudioVersion = 17.12.35521.163 d17.12
MinimumVisualStudioVersion = 10.0.40219.1
Project("{FAE04EC0-301F-11D3-BF4B-00C04F79EFBC}") = "BackendBDIII", "BackendBDIII\BackendBDIII.csproj", "{1C082D47-684B-4F89-82F2-F8EE9DE92641}"
EndProject
Project("{FAE04EC0-301F-11D3-BF4B-00C04F79EFBC}") = "BackendBDIII.Data", "BackendBDIII.Data\BackendBDIII.Data.csproj", "{EA9FE850-B4EC-4B50-9B37-099000D1EF24}"
EndProject
Project("{FAE04EC0-301F-11D3-BF4B-00C04F79EFBC}") = "BackendBDIII.Model", "BackendBDIII.Model\BackendBDIII.Model.csproj", "{A1D64111-0537-4E93-B4E5-DB0DB4B3BC83}"
EndProject
Global
	GlobalSection(SolutionConfigurationPlatforms) = preSolution
		Debug|Any CPU = Debug|Any CPU
		Release|Any CPU = Release|Any CPU
	EndGlobalSection
	GlobalSection(ProjectConfigurationPlatforms) = postSolution
		{1C082D47-684B-4F89-82F2-F8EE9DE92641}.Debug|Any CPU.ActiveCfg = Debug|Any CPU
		{1C082D47-684B-4F89-82F2-F8EE9DE92641}.Debug|Any CPU.Build.0 = Debug|Any CPU
		{1C082D47-684B-4F89-82F2-F8EE9DE92641}.Release|Any CPU.ActiveCfg = Release|Any CPU
		{1C082D47-684B-4F89-82F2-F8EE9DE92641}.Release|Any CPU.Build.0 = Release|Any CPU
		{EA9FE850-B4EC-4B50-9B37-099000D1EF24}.Debug|Any CPU.ActiveCfg = Debug|Any CPU
		{EA9FE850-B4EC-4B50-9B37-099000D1EF24}.Debug|Any CPU.Build.0 = Debug|Any CPU
		{EA9FE850-B4EC-4B50-9B37-099000D1EF24}.Release|Any CPU.ActiveCfg = Release|Any CPU
		{EA9FE850-B4EC-4B50-9B37-099000D1EF24}.Release|Any CPU.Build.0 = Release|Any CPU
		{A1D64111-0537-4E93-B4E5-DB0DB4B3BC83}.Debug|Any CPU.ActiveCfg = Debug|Any CPU
		{A1D64111-0537-4E93-B4E5-DB0DB4B3BC83}.Debug|Any CPU.Build.0 = Debug|Any CPU
		{A1D64111-0537-4E93-B4E5-DB0DB4B3BC83}.Release|Any CPU.ActiveCfg = Release|Any CPU
		{A1D64111-0537-4E93-B4E5-DB0DB4B3BC83}.Release|Any CPU.Build.0 = Release|Any CPU
	EndGlobalSection
	GlobalSection(SolutionProperties) = preSolution
		HideSolutionNode = FALSE
	EndGlobalSection
EndGlobal
